
Microsoft Visual Studio Solution File, Format Version 12.00
# Visual Studio Version 17
VisualStudioVersion = 17.0.32126.317
MinimumVisualStudioVersion = 10.0.40219.1
Project("{FAE04EC0-301F-11D3-BF4B-00C04F79EFBC}") = "Ex10", "Ex10\Ex10.csproj", "{6531F244-FCAA-4C80-B445-B5951F40E9E0}"
EndProject
Global
	GlobalSection(SolutionConfigurationPlatforms) = preSolution
		Debug|Any CPU = Debug|Any CPU
		Release|Any CPU = Release|Any CPU
	EndGlobalSection
	GlobalSection(ProjectConfigurationPlatforms) = postSolution
		{6531F244-FCAA-4C80-B445-B5951F40E9E0}.Debug|Any CPU.ActiveCfg = Debug|Any CPU
		{6531F244-FCAA-4C80-B445-B5951F40E9E0}.Debug|Any CPU.Build.0 = Debug|Any CPU
		{6531F244-FCAA-4C80-B445-B5951F40E9E0}.Release|Any CPU.ActiveCfg = Release|Any CPU
		{6531F244-FCAA-4C80-B445-B5951F40E9E0}.Release|Any CPU.Build.0 = Release|Any CPU
	EndGlobalSection
	GlobalSection(SolutionProperties) = preSolution
		HideSolutionNode = FALSE
	EndGlobalSection
	GlobalSection(ExtensibilityGlobals) = postSolution
		SolutionGuid = {187584D6-B0D3-4029-9D45-F6AA8DB94778}
	EndGlobalSection
EndGlobal
